
Microsoft Visual Studio Solution File, Format Version 12.00
# Visual Studio Version 17
VisualStudioVersion = 17.8.34511.84
MinimumVisualStudioVersion = 10.0.40219.1
Project("{FAE04EC0-301F-11D3-BF4B-00C04F79EFBC}") = "rezervacije", "rezervacije\rezervacije.csproj", "{10691F19-5E54-4AE0-BF98-F562F468BB03}"
EndProject
Global
	GlobalSection(SolutionConfigurationPlatforms) = preSolution
		Debug|Any CPU = Debug|Any CPU
		Release|Any CPU = Release|Any CPU
	EndGlobalSection
	GlobalSection(ProjectConfigurationPlatforms) = postSolution
		{10691F19-5E54-4AE0-BF98-F562F468BB03}.Debug|Any CPU.ActiveCfg = Debug|Any CPU
		{10691F19-5E54-4AE0-BF98-F562F468BB03}.Debug|Any CPU.Build.0 = Debug|Any CPU
		{10691F19-5E54-4AE0-BF98-F562F468BB03}.Release|Any CPU.ActiveCfg = Release|Any CPU
		{10691F19-5E54-4AE0-BF98-F562F468BB03}.Release|Any CPU.Build.0 = Release|Any CPU
	EndGlobalSection
	GlobalSection(SolutionProperties) = preSolution
		HideSolutionNode = FALSE
	EndGlobalSection
	GlobalSection(ExtensibilityGlobals) = postSolution
		SolutionGuid = {31412D74-BABA-47CB-87A4-2C32D14CB44E}
	EndGlobalSection
EndGlobal
